// !$*UTF8*$!
{
	archiveVersion = 1;
	classes = {
	};
	objectVersion = 48;
	objects = {

/* Begin PBXBuildFile section */
		AE02456821CC87D70060FB2A /* 1.json in Resources */ = {isa = PBXBuildFile; fileRef = AE02456721CC87D70060FB2A /* 1.json */; };
		AE606A4421CA15AF00DDDD73 /* CTDisplayView.m in Sources */ = {isa = PBXBuildFile; fileRef = AE606A4321CA15AF00DDDD73 /* CTDisplayView.m */; };
		AE606A4D21CA6ACD00DDDD73 /* CoreTextImageData.m in Sources */ = {isa = PBXBuildFile; fileRef = AE606A4C21CA6ACD00DDDD73 /* CoreTextImageData.m */; };
		AE97D03821C79C2A00B6EF04 /* AppDelegate.m in Sources */ = {isa = PBXBuildFile; fileRef = AE97D03721C79C2A00B6EF04 /* AppDelegate.m */; };
		AE97D03B21C79C2A00B6EF04 /* ViewController.m in Sources */ = {isa = PBXBuildFile; fileRef = AE97D03A21C79C2A00B6EF04 /* ViewController.m */; };
		AE97D03E21C79C2A00B6EF04 /* Main.storyboard in Resources */ = {isa = PBXBuildFile; fileRef = AE97D03C21C79C2A00B6EF04 /* Main.storyboard */; };
		AE97D04021C79C2A00B6EF04 /* Assets.xcassets in Resources */ = {isa = PBXBuildFile; fileRef = AE97D03F21C79C2A00B6EF04 /* Assets.xcassets */; };
		AE97D04321C79C2A00B6EF04 /* LaunchScreen.storyboard in Resources */ = {isa = PBXBuildFile; fileRef = AE97D04121C79C2A00B6EF04 /* LaunchScreen.storyboard */; };
		AE97D04621C79C2A00B6EF04 /* main.m in Sources */ = {isa = PBXBuildFile; fileRef = AE97D04521C79C2A00B6EF04 /* main.m */; };
		AE97D05021C79C2B00B6EF04 /* CoreTextDemoTests.m in Sources */ = {isa = PBXBuildFile; fileRef = AE97D04F21C79C2B00B6EF04 /* CoreTextDemoTests.m */; };
		AE97D05B21C79C2B00B6EF04 /* CoreTextDemoUITests.m in Sources */ = {isa = PBXBuildFile; fileRef = AE97D05A21C79C2B00B6EF04 /* CoreTextDemoUITests.m */; };
		AE97D06A21C79C5800B6EF04 /* CTView.m in Sources */ = {isa = PBXBuildFile; fileRef = AE97D06921C79C5800B6EF04 /* CTView.m */; };
		AECD127721C8C845009BD262 /* UIView+extend.m in Sources */ = {isa = PBXBuildFile; fileRef = AECD127621C8C845009BD262 /* UIView+extend.m */; };
		AECD127A21C8CB9A009BD262 /* CTFrameParserConfig.m in Sources */ = {isa = PBXBuildFile; fileRef = AECD127921C8CB9A009BD262 /* CTFrameParserConfig.m */; };
		AECD128021C8CBD7009BD262 /* CTFrameParser.m in Sources */ = {isa = PBXBuildFile; fileRef = AECD127F21C8CBD7009BD262 /* CTFrameParser.m */; };
		AECD128321C8CBEE009BD262 /* CoreTextData.m in Sources */ = {isa = PBXBuildFile; fileRef = AECD128221C8CBEE009BD262 /* CoreTextData.m */; };
/* End PBXBuildFile section */

/* Begin PBXContainerItemProxy section */
		AE97D04C21C79C2B00B6EF04 /* PBXContainerItemProxy */ = {
			isa = PBXContainerItemProxy;
			containerPortal = AE97D02B21C79C2A00B6EF04 /* Project object */;
			proxyType = 1;
			remoteGlobalIDString = AE97D03221C79C2A00B6EF04;
			remoteInfo = CoreTextDemo;
		};
		AE97D05721C79C2B00B6EF04 /* PBXContainerItemProxy */ = {
			isa = PBXContainerItemProxy;
			containerPortal = AE97D02B21C79C2A00B6EF04 /* Project object */;
			proxyType = 1;
			remoteGlobalIDString = AE97D03221C79C2A00B6EF04;
			remoteInfo = CoreTextDemo;
		};
/* End PBXContainerItemProxy section */

/* Begin PBXFileReference section */
		AE02456721CC87D70060FB2A /* 1.json */ = {isa = PBXFileReference; fileEncoding = 4; lastKnownFileType = text.json; path = 1.json; sourceTree = "<group>"; };
		AE606A4221CA15AF00DDDD73 /* CTDisplayView.h */ = {isa = PBXFileReference; lastKnownFileType = sourcecode.c.h; path = CTDisplayView.h; sourceTree = "<group>"; };
		AE606A4321CA15AF00DDDD73 /* CTDisplayView.m */ = {isa = PBXFileReference; lastKnownFileType = sourcecode.c.objc; path = CTDisplayView.m; sourceTree = "<group>"; };
		AE606A4B21CA6ACD00DDDD73 /* CoreTextImageData.h */ = {isa = PBXFileReference; lastKnownFileType = sourcecode.c.h; path = CoreTextImageData.h; sourceTree = "<group>"; };
		AE606A4C21CA6ACD00DDDD73 /* CoreTextImageData.m */ = {isa = PBXFileReference; lastKnownFileType = sourcecode.c.objc; path = CoreTextImageData.m; sourceTree = "<group>"; };
		AE97D03321C79C2A00B6EF04 /* CoreTextDemo.app */ = {isa = PBXFileReference; explicitFileType = wrapper.application; includeInIndex = 0; path = CoreTextDemo.app; sourceTree = BUILT_PRODUCTS_DIR; };
		AE97D03621C79C2A00B6EF04 /* AppDelegate.h */ = {isa = PBXFileReference; lastKnownFileType = sourcecode.c.h; path = AppDelegate.h; sourceTree = "<group>"; };
		AE97D03721C79C2A00B6EF04 /* AppDelegate.m */ = {isa = PBXFileReference; lastKnownFileType = sourcecode.c.objc; path = AppDelegate.m; sourceTree = "<group>"; };
		AE97D03921C79C2A00B6EF04 /* ViewController.h */ = {isa = PBXFileReference; lastKnownFileType = sourcecode.c.h; path = ViewController.h; sourceTree = "<group>"; };
		AE97D03A21C79C2A00B6EF04 /* ViewController.m */ = {isa = PBXFileReference; lastKnownFileType = sourcecode.c.objc; path = ViewController.m; sourceTree = "<group>"; };
		AE97D03D21C79C2A00B6EF04 /* Base */ = {isa = PBXFileReference; lastKnownFileType = file.storyboard; name = Base; path = Base.lproj/Main.storyboard; sourceTree = "<group>"; };
		AE97D03F21C79C2A00B6EF04 /* Assets.xcassets */ = {isa = PBXFileReference; lastKnownFileType = folder.assetcatalog; path = Assets.xcassets; sourceTree = "<group>"; };
		AE97D04221C79C2A00B6EF04 /* Base */ = {isa = PBXFileReference; lastKnownFileType = file.storyboard; name = Base; path = Base.lproj/LaunchScreen.storyboard; sourceTree = "<group>"; };
		AE97D04421C79C2A00B6EF04 /* Info.plist */ = {isa = PBXFileReference; lastKnownFileType = text.plist.xml; path = Info.plist; sourceTree = "<group>"; };
		AE97D04521C79C2A00B6EF04 /* main.m */ = {isa = PBXFileReference; lastKnownFileType = sourcecode.c.objc; path = main.m; sourceTree = "<group>"; };
		AE97D04B21C79C2B00B6EF04 /* CoreTextDemoTests.xctest */ = {isa = PBXFileReference; explicitFileType = wrapper.cfbundle; includeInIndex = 0; path = CoreTextDemoTests.xctest; sourceTree = BUILT_PRODUCTS_DIR; };
		AE97D04F21C79C2B00B6EF04 /* CoreTextDemoTests.m */ = {isa = PBXFileReference; lastKnownFileType = sourcecode.c.objc; path = CoreTextDemoTests.m; sourceTree = "<group>"; };
		AE97D05121C79C2B00B6EF04 /* Info.plist */ = {isa = PBXFileReference; lastKnownFileType = text.plist.xml; path = Info.plist; sourceTree = "<group>"; };
		AE97D05621C79C2B00B6EF04 /* CoreTextDemoUITests.xctest */ = {isa = PBXFileReference; explicitFileType = wrapper.cfbundle; includeInIndex = 0; path = CoreTextDemoUITests.xctest; sourceTree = BUILT_PRODUCTS_DIR; };
		AE97D05A21C79C2B00B6EF04 /* CoreTextDemoUITests.m */ = {isa = PBXFileReference; lastKnownFileType = sourcecode.c.objc; path = CoreTextDemoUITests.m; sourceTree = "<group>"; };
		AE97D05C21C79C2B00B6EF04 /* Info.plist */ = {isa = PBXFileReference; lastKnownFileType = text.plist.xml; path = Info.plist; sourceTree = "<group>"; };
		AE97D06821C79C5800B6EF04 /* CTView.h */ = {isa = PBXFileReference; lastKnownFileType = sourcecode.c.h; path = CTView.h; sourceTree = "<group>"; };
		AE97D06921C79C5800B6EF04 /* CTView.m */ = {isa = PBXFileReference; lastKnownFileType = sourcecode.c.objc; path = CTView.m; sourceTree = "<group>"; };
		AECD127421C8C057009BD262 /* CTHeader.h */ = {isa = PBXFileReference; lastKnownFileType = sourcecode.c.h; path = CTHeader.h; sourceTree = "<group>"; };
		AECD127521C8C845009BD262 /* UIView+extend.h */ = {isa = PBXFileReference; lastKnownFileType = sourcecode.c.h; path = "UIView+extend.h"; sourceTree = "<group>"; };
		AECD127621C8C845009BD262 /* UIView+extend.m */ = {isa = PBXFileReference; lastKnownFileType = sourcecode.c.objc; path = "UIView+extend.m"; sourceTree = "<group>"; };
		AECD127821C8CB9A009BD262 /* CTFrameParserConfig.h */ = {isa = PBXFileReference; lastKnownFileType = sourcecode.c.h; path = CTFrameParserConfig.h; sourceTree = "<group>"; };
		AECD127921C8CB9A009BD262 /* CTFrameParserConfig.m */ = {isa = PBXFileReference; lastKnownFileType = sourcecode.c.objc; path = CTFrameParserConfig.m; sourceTree = "<group>"; };
		AECD127E21C8CBD7009BD262 /* CTFrameParser.h */ = {isa = PBXFileReference; lastKnownFileType = sourcecode.c.h; path = CTFrameParser.h; sourceTree = "<group>"; };
		AECD127F21C8CBD7009BD262 /* CTFrameParser.m */ = {isa = PBXFileReference; lastKnownFileType = sourcecode.c.objc; path = CTFrameParser.m; sourceTree = "<group>"; };
		AECD128121C8CBEE009BD262 /* CoreTextData.h */ = {isa = PBXFileReference; lastKnownFileType = sourcecode.c.h; path = CoreTextData.h; sourceTree = "<group>"; };
		AECD128221C8CBEE009BD262 /* CoreTextData.m */ = {isa = PBXFileReference; lastKnownFileType = sourcecode.c.objc; path = CoreTextData.m; sourceTree = "<group>"; };
/* End PBXFileReference section */

/* Begin PBXFrameworksBuildPhase section */
		AE97D03021C79C2A00B6EF04 /* Frameworks */ = {
			isa = PBXFrameworksBuildPhase;
			buildActionMask = 2147483647;
			files = (
			);
			runOnlyForDeploymentPostprocessing = 0;
		};
		AE97D04821C79C2B00B6EF04 /* Frameworks */ = {
			isa = PBXFrameworksBuildPhase;
			buildActionMask = 2147483647;
			files = (
			);
			runOnlyForDeploymentPostprocessing = 0;
		};
		AE97D05321C79C2B00B6EF04 /* Frameworks */ = {
			isa = PBXFrameworksBuildPhase;
			buildActionMask = 2147483647;
			files = (
			);
			runOnlyForDeploymentPostprocessing = 0;
		};
/* End PBXFrameworksBuildPhase section */

/* Begin PBXGroup section */
		AE97D02A21C79C2A00B6EF04 = {
			isa = PBXGroup;
			children = (
				AE97D03521C79C2A00B6EF04 /* CoreTextDemo */,
				AE97D04E21C79C2B00B6EF04 /* CoreTextDemoTests */,
				AE97D05921C79C2B00B6EF04 /* CoreTextDemoUITests */,
				AE97D03421C79C2A00B6EF04 /* Products */,
			);
			sourceTree = "<group>";
		};
		AE97D03421C79C2A00B6EF04 /* Products */ = {
			isa = PBXGroup;
			children = (
				AE97D03321C79C2A00B6EF04 /* CoreTextDemo.app */,
				AE97D04B21C79C2B00B6EF04 /* CoreTextDemoTests.xctest */,
				AE97D05621C79C2B00B6EF04 /* CoreTextDemoUITests.xctest */,
			);
			name = Products;
			sourceTree = "<group>";
		};
		AE97D03521C79C2A00B6EF04 /* CoreTextDemo */ = {
			isa = PBXGroup;
			children = (
				AE02456721CC87D70060FB2A /* 1.json */,
				AE97D03621C79C2A00B6EF04 /* AppDelegate.h */,
				AE97D03721C79C2A00B6EF04 /* AppDelegate.m */,
				AE97D03921C79C2A00B6EF04 /* ViewController.h */,
				AE97D03A21C79C2A00B6EF04 /* ViewController.m */,
				AECD127821C8CB9A009BD262 /* CTFrameParserConfig.h */,
				AECD127921C8CB9A009BD262 /* CTFrameParserConfig.m */,
				AECD127E21C8CBD7009BD262 /* CTFrameParser.h */,
				AECD127F21C8CBD7009BD262 /* CTFrameParser.m */,
				AECD128121C8CBEE009BD262 /* CoreTextData.h */,
				AECD128221C8CBEE009BD262 /* CoreTextData.m */,
				AE606A4B21CA6ACD00DDDD73 /* CoreTextImageData.h */,
				AE606A4C21CA6ACD00DDDD73 /* CoreTextImageData.m */,
				AE606A4221CA15AF00DDDD73 /* CTDisplayView.h */,
				AE606A4321CA15AF00DDDD73 /* CTDisplayView.m */,
				AE97D06821C79C5800B6EF04 /* CTView.h */,
				AE97D06921C79C5800B6EF04 /* CTView.m */,
				AECD127421C8C057009BD262 /* CTHeader.h */,
				AECD127521C8C845009BD262 /* UIView+extend.h */,
				AECD127621C8C845009BD262 /* UIView+extend.m */,
				AE97D03C21C79C2A00B6EF04 /* Main.storyboard */,
				AE97D03F21C79C2A00B6EF04 /* Assets.xcassets */,
				AE97D04121C79C2A00B6EF04 /* LaunchScreen.storyboard */,
				AE97D04421C79C2A00B6EF04 /* Info.plist */,
				AE97D04521C79C2A00B6EF04 /* main.m */,
			);
			path = CoreTextDemo;
			sourceTree = "<group>";
		};
		AE97D04E21C79C2B00B6EF04 /* CoreTextDemoTests */ = {
			isa = PBXGroup;
			children = (
				AE97D04F21C79C2B00B6EF04 /* CoreTextDemoTests.m */,
				AE97D05121C79C2B00B6EF04 /* Info.plist */,
			);
			path = CoreTextDemoTests;
			sourceTree = "<group>";
		};
		AE97D05921C79C2B00B6EF04 /* CoreTextDemoUITests */ = {
			isa = PBXGroup;
			children = (
				AE97D05A21C79C2B00B6EF04 /* CoreTextDemoUITests.m */,
				AE97D05C21C79C2B00B6EF04 /* Info.plist */,
			);
			path = CoreTextDemoUITests;
			sourceTree = "<group>";
		};
/* End PBXGroup section */

/* Begin PBXNativeTarget section */
		AE97D03221C79C2A00B6EF04 /* CoreTextDemo */ = {
			isa = PBXNativeTarget;
			buildConfigurationList = AE97D05F21C79C2B00B6EF04 /* Build configuration list for PBXNativeTarget "CoreTextDemo" */;
			buildPhases = (
				AE97D02F21C79C2A00B6EF04 /* Sources */,
				AE97D03021C79C2A00B6EF04 /* Frameworks */,
				AE97D03121C79C2A00B6EF04 /* Resources */,
			);
			buildRules = (
			);
			dependencies = (
			);
			name = CoreTextDemo;
			productName = CoreTextDemo;
			productReference = AE97D03321C79C2A00B6EF04 /* CoreTextDemo.app */;
			productType = "com.apple.product-type.application";
		};
		AE97D04A21C79C2B00B6EF04 /* CoreTextDemoTests */ = {
			isa = PBXNativeTarget;
			buildConfigurationList = AE97D06221C79C2B00B6EF04 /* Build configuration list for PBXNativeTarget "CoreTextDemoTests" */;
			buildPhases = (
				AE97D04721C79C2B00B6EF04 /* Sources */,
				AE97D04821C79C2B00B6EF04 /* Frameworks */,
				AE97D04921C79C2B00B6EF04 /* Resources */,
			);
			buildRules = (
			);
			dependencies = (
				AE97D04D21C79C2B00B6EF04 /* PBXTargetDependency */,
			);
			name = CoreTextDemoTests;
			productName = CoreTextDemoTests;
			productReference = AE97D04B21C79C2B00B6EF04 /* CoreTextDemoTests.xctest */;
			productType = "com.apple.product-type.bundle.unit-test";
		};
		AE97D05521C79C2B00B6EF04 /* CoreTextDemoUITests */ = {
			isa = PBXNativeTarget;
			buildConfigurationList = AE97D06521C79C2B00B6EF04 /* Build configuration list for PBXNativeTarget "CoreTextDemoUITests" */;
			buildPhases = (
				AE97D05221C79C2B00B6EF04 /* Sources */,
				AE97D05321C79C2B00B6EF04 /* Frameworks */,
				AE97D05421C79C2B00B6EF04 /* Resources */,
			);
			buildRules = (
			);
			dependencies = (
				AE97D05821C79C2B00B6EF04 /* PBXTargetDependency */,
			);
			name = CoreTextDemoUITests;
			productName = CoreTextDemoUITests;
			productReference = AE97D05621C79C2B00B6EF04 /* CoreTextDemoUITests.xctest */;
			productType = "com.apple.product-type.bundle.ui-testing";
		};
/* End PBXNativeTarget section */

/* Begin PBXProject section */
		AE97D02B21C79C2A00B6EF04 /* Project object */ = {
			isa = PBXProject;
			attributes = {
				LastUpgradeCheck = 0920;
				ORGANIZATIONNAME = "喻永权";
				TargetAttributes = {
					AE97D03221C79C2A00B6EF04 = {
						CreatedOnToolsVersion = 9.2;
						ProvisioningStyle = Manual;
					};
					AE97D04A21C79C2B00B6EF04 = {
						CreatedOnToolsVersion = 9.2;
						ProvisioningStyle = Automatic;
						TestTargetID = AE97D03221C79C2A00B6EF04;
					};
					AE97D05521C79C2B00B6EF04 = {
						CreatedOnToolsVersion = 9.2;
						ProvisioningStyle = Automatic;
						TestTargetID = AE97D03221C79C2A00B6EF04;
					};
				};
			};
			buildConfigurationList = AE97D02E21C79C2A00B6EF04 /* Build configuration list for PBXProject "CoreTextDemo" */;
			compatibilityVersion = "Xcode 8.0";
			developmentRegion = en;
			hasScannedForEncodings = 0;
			knownRegions = (
				en,
				Base,
			);
			mainGroup = AE97D02A21C79C2A00B6EF04;
			productRefGroup = AE97D03421C79C2A00B6EF04 /* Products */;
			projectDirPath = "";
			projectRoot = "";
			targets = (
				AE97D03221C79C2A00B6EF04 /* CoreTextDemo */,
				AE97D04A21C79C2B00B6EF04 /* CoreTextDemoTests */,
				AE97D05521C79C2B00B6EF04 /* CoreTextDemoUITests */,
			);
		};
/* End PBXProject section */

/* Begin PBXResourcesBuildPhase section */
		AE97D03121C79C2A00B6EF04 /* Resources */ = {
			isa = PBXResourcesBuildPhase;
			buildActionMask = 2147483647;
			files = (
				AE02456821CC87D70060FB2A /* 1.json in Resources */,
				AE97D04321C79C2A00B6EF04 /* LaunchScreen.storyboard in Resources */,
				AE97D04021C79C2A00B6EF04 /* Assets.xcassets in Resources */,
				AE97D03E21C79C2A00B6EF04 /* Main.storyboard in Resources */,
			);
			runOnlyForDeploymentPostprocessing = 0;
		};
		AE97D04921C79C2B00B6EF04 /* Resources */ = {
			isa = PBXResourcesBuildPhase;
			buildActionMask = 2147483647;
			files = (
			);
			runOnlyForDeploymentPostprocessing = 0;
		};
		AE97D05421C79C2B00B6EF04 /* Resources */ = {
			isa = PBXResourcesBuildPhase;
			buildActionMask = 2147483647;
			files = (
			);
			runOnlyForDeploymentPostprocessing = 0;
		};
/* End PBXResourcesBuildPhase section */

/* Begin PBXSourcesBuildPhase section */
		AE97D02F21C79C2A00B6EF04 /* Sources */ = {
			isa = PBXSourcesBuildPhase;
			buildActionMask = 2147483647;
			files = (
				AE97D03B21C79C2A00B6EF04 /* ViewController.m in Sources */,
				AE606A4D21CA6ACD00DDDD73 /* CoreTextImageData.m in Sources */,
				AE606A4421CA15AF00DDDD73 /* CTDisplayView.m in Sources */,
				AECD128321C8CBEE009BD262 /* CoreTextData.m in Sources */,
				AE97D06A21C79C5800B6EF04 /* CTView.m in Sources */,
				AE97D04621C79C2A00B6EF04 /* main.m in Sources */,
				AECD127721C8C845009BD262 /* UIView+extend.m in Sources */,
				AE97D03821C79C2A00B6EF04 /* AppDelegate.m in Sources */,
				AECD128021C8CBD7009BD262 /* CTFrameParser.m in Sources */,
				AECD127A21C8CB9A009BD262 /* CTFrameParserConfig.m in Sources */,
			);
			runOnlyForDeploymentPostprocessing = 0;
		};
		AE97D04721C79C2B00B6EF04 /* Sources */ = {
			isa = PBXSourcesBuildPhase;
			buildActionMask = 2147483647;
			files = (
				AE97D05021C79C2B00B6EF04 /* CoreTextDemoTests.m in Sources */,
			);
			runOnlyForDeploymentPostprocessing = 0;
		};
		AE97D05221C79C2B00B6EF04 /* Sources */ = {
			isa = PBXSourcesBuildPhase;
			buildActionMask = 2147483647;
			files = (
				AE97D05B21C79C2B00B6EF04 /* CoreTextDemoUITests.m in Sources */,
			);
			runOnlyForDeploymentPostprocessing = 0;
		};
/* End PBXSourcesBuildPhase section */

/* Begin PBXTargetDependency section */
		AE97D04D21C79C2B00B6EF04 /* PBXTargetDependency */ = {
			isa = PBXTargetDependency;
			target = AE97D03221C79C2A00B6EF04 /* CoreTextDemo */;
			targetProxy = AE97D04C21C79C2B00B6EF04 /* PBXContainerItemProxy */;
		};
		AE97D05821C79C2B00B6EF04 /* PBXTargetDependency */ = {
			isa = PBXTargetDependency;
			target = AE97D03221C79C2A00B6EF04 /* CoreTextDemo */;
			targetProxy = AE97D05721C79C2B00B6EF04 /* PBXContainerItemProxy */;
		};
/* End PBXTargetDependency section */

/* Begin PBXVariantGroup section */
		AE97D03C21C79C2A00B6EF04 /* Main.storyboard */ = {
			isa = PBXVariantGroup;
			children = (
				AE97D03D21C79C2A00B6EF04 /* Base */,
			);
			name = Main.storyboard;
			sourceTree = "<group>";
		};
		AE97D04121C79C2A00B6EF04 /* LaunchScreen.storyboard */ = {
			isa = PBXVariantGroup;
			children = (
				AE97D04221C79C2A00B6EF04 /* Base */,
			);
			name = LaunchScreen.storyboard;
			sourceTree = "<group>";
		};
/* End PBXVariantGroup section */

/* Begin XCBuildConfiguration section */
		AE97D05D21C79C2B00B6EF04 /* Debug */ = {
			isa = XCBuildConfiguration;
			buildSettings = {
				ALWAYS_SEARCH_USER_PATHS = NO;
				CLANG_ANALYZER_NONNULL = YES;
				CLANG_ANALYZER_NUMBER_OBJECT_CONVERSION = YES_AGGRESSIVE;
				CLANG_CXX_LANGUAGE_STANDARD = "gnu++14";
				CLANG_CXX_LIBRARY = "libc++";
				CLANG_ENABLE_MODULES = YES;
				CLANG_ENABLE_OBJC_ARC = YES;
				CLANG_WARN_BLOCK_CAPTURE_AUTORELEASING = YES;
				CLANG_WARN_BOOL_CONVERSION = YES;
				CLANG_WARN_COMMA = YES;
				CLANG_WARN_CONSTANT_CONVERSION = YES;
				CLANG_WARN_DIRECT_OBJC_ISA_USAGE = YES_ERROR;
				CLANG_WARN_DOCUMENTATION_COMMENTS = YES;
				CLANG_WARN_EMPTY_BODY = YES;
				CLANG_WARN_ENUM_CONVERSION = YES;
				CLANG_WARN_INFINITE_RECURSION = YES;
				CLANG_WARN_INT_CONVERSION = YES;
				CLANG_WARN_NON_LITERAL_NULL_CONVERSION = YES;
				CLANG_WARN_OBJC_LITERAL_CONVERSION = YES;
				CLANG_WARN_OBJC_ROOT_CLASS = YES_ERROR;
				CLANG_WARN_RANGE_LOOP_ANALYSIS = YES;
				CLANG_WARN_STRICT_PROTOTYPES = YES;
				CLANG_WARN_SUSPICIOUS_MOVE = YES;
				CLANG_WARN_UNGUARDED_AVAILABILITY = YES_AGGRESSIVE;
				CLANG_WARN_UNREACHABLE_CODE = YES;
				CLANG_WARN__DUPLICATE_METHOD_MATCH = YES;
				CODE_SIGN_IDENTITY = "iPhone Developer";
				COPY_PHASE_STRIP = NO;
				DEBUG_INFORMATION_FORMAT = dwarf;
				ENABLE_STRICT_OBJC_MSGSEND = YES;
				ENABLE_TESTABILITY = YES;
				GCC_C_LANGUAGE_STANDARD = gnu11;
				GCC_DYNAMIC_NO_PIC = NO;
				GCC_NO_COMMON_BLOCKS = YES;
				GCC_OPTIMIZATION_LEVEL = 0;
				GCC_PREPROCESSOR_DEFINITIONS = (
					"DEBUG=1",
					"$(inherited)",
				);
				GCC_WARN_64_TO_32_BIT_CONVERSION = YES;
				GCC_WARN_ABOUT_RETURN_TYPE = YES_ERROR;
				GCC_WARN_UNDECLARED_SELECTOR = YES;
				GCC_WARN_UNINITIALIZED_AUTOS = YES_AGGRESSIVE;
				GCC_WARN_UNUSED_FUNCTION = YES;
				GCC_WARN_UNUSED_VARIABLE = YES;
				IPHONEOS_DEPLOYMENT_TARGET = 11.2;
				MTL_ENABLE_DEBUG_INFO = YES;
				ONLY_ACTIVE_ARCH = YES;
				SDKROOT = iphoneos;
			};
			name = Debug;
		};
		AE97D05E21C79C2B00B6EF04 /* Release */ = {
			isa = XCBuildConfiguration;
			buildSettings = {
				ALWAYS_SEARCH_USER_PATHS = NO;
				CLANG_ANALYZER_NONNULL = YES;
				CLANG_ANALYZER_NUMBER_OBJECT_CONVERSION = YES_AGGRESSIVE;
				CLANG_CXX_LANGUAGE_STANDARD = "gnu++14";
				CLANG_CXX_LIBRARY = "libc++";
				CLANG_ENABLE_MODULES = YES;
				CLANG_ENABLE_OBJC_ARC = YES;
				CLANG_WARN_BLOCK_CAPTURE_AUTORELEASING = YES;
				CLANG_WARN_BOOL_CONVERSION = YES;
				CLANG_WARN_COMMA = YES;
				CLANG_WARN_CONSTANT_CONVERSION = YES;
				CLANG_WARN_DIRECT_OBJC_ISA_USAGE = YES_ERROR;
				CLANG_WARN_DOCUMENTATION_COMMENTS = YES;
				CLANG_WARN_EMPTY_BODY = YES;
				CLANG_WARN_ENUM_CONVERSION = YES;
				CLANG_WARN_INFINITE_RECURSION = YES;
				CLANG_WARN_INT_CONVERSION = YES;
				CLANG_WARN_NON_LITERAL_NULL_CONVERSION = YES;
				CLANG_WARN_OBJC_LITERAL_CONVERSION = YES;
				CLANG_WARN_OBJC_ROOT_CLASS = YES_ERROR;
				CLANG_WARN_RANGE_LOOP_ANALYSIS = YES;
				CLANG_WARN_STRICT_PROTOTYPES = YES;
				CLANG_WARN_SUSPICIOUS_MOVE = YES;
				CLANG_WARN_UNGUARDED_AVAILABILITY = YES_AGGRESSIVE;
				CLANG_WARN_UNREACHABLE_CODE = YES;
				CLANG_WARN__DUPLICATE_METHOD_MATCH = YES;
				CODE_SIGN_IDENTITY = "iPhone Developer";
				COPY_PHASE_STRIP = NO;
				DEBUG_INFORMATION_FORMAT = "dwarf-with-dsym";
				ENABLE_NS_ASSERTIONS = NO;
				ENABLE_STRICT_OBJC_MSGSEND = YES;
				GCC_C_LANGUAGE_STANDARD = gnu11;
				GCC_NO_COMMON_BLOCKS = YES;
				GCC_WARN_64_TO_32_BIT_CONVERSION = YES;
				GCC_WARN_ABOUT_RETURN_TYPE = YES_ERROR;
				GCC_WARN_UNDECLARED_SELECTOR = YES;
				GCC_WARN_UNINITIALIZED_AUTOS = YES_AGGRESSIVE;
				GCC_WARN_UNUSED_FUNCTION = YES;
				GCC_WARN_UNUSED_VARIABLE = YES;
				IPHONEOS_DEPLOYMENT_TARGET = 11.2;
				MTL_ENABLE_DEBUG_INFO = NO;
				SDKROOT = iphoneos;
				VALIDATE_PRODUCT = YES;
			};
			name = Release;
		};
		AE97D06021C79C2B00B6EF04 /* Debug */ = {
			isa = XCBuildConfiguration;
			buildSettings = {
				ASSETCATALOG_COMPILER_APPICON_NAME = AppIcon;
				CODE_SIGN_STYLE = Manual;
				DEVELOPMENT_TEAM = XDK267KQ83;
				INFOPLIST_FILE = CoreTextDemo/Info.plist;
				LD_RUNPATH_SEARCH_PATHS = "$(inherited) @executable_path/Frameworks";
				PRODUCT_BUNDLE_IDENTIFIER = rain.CoreTextDemo;
				PRODUCT_NAME = "$(TARGET_NAME)";
				PROVISIONING_PROFILE = "b3d9d33e-56b3-4403-93f5-d159793efcf7";
				PROVISIONING_PROFILE_SPECIFIER = "Development *";
				TARGETED_DEVICE_FAMILY = "1,2";
			};
			name = Debug;
		};
		AE97D06121C79C2B00B6EF04 /* Release */ = {
			isa = XCBuildConfiguration;
			buildSettings = {
				ASSETCATALOG_COMPILER_APPICON_NAME = AppIcon;
				CODE_SIGN_STYLE = Manual;
				DEVELOPMENT_TEAM = XDK267KQ83;
				INFOPLIST_FILE = CoreTextDemo/Info.plist;
				LD_RUNPATH_SEARCH_PATHS = "$(inherited) @executable_path/Frameworks";
				PRODUCT_BUNDLE_IDENTIFIER = rain.CoreTextDemo;
				PRODUCT_NAME = "$(TARGET_NAME)";
				PROVISIONING_PROFILE = "b3d9d33e-56b3-4403-93f5-d159793efcf7";
				PROVISIONING_PROFILE_SPECIFIER = "Development *";
				TARGETED_DEVICE_FAMILY = "1,2";
			};
			name = Release;
		};
		AE97D06321C79C2B00B6EF04 /* Debug */ = {
			isa = XCBuildConfiguration;
			buildSettings = {
				BUNDLE_LOADER = "$(TEST_HOST)";
				CODE_SIGN_STYLE = Automatic;
				INFOPLIST_FILE = CoreTextDemoTests/Info.plist;
				LD_RUNPATH_SEARCH_PATHS = "$(inherited) @executable_path/Frameworks @loader_path/Frameworks";
				PRODUCT_BUNDLE_IDENTIFIER = rain.CoreTextDemoTests;
				PRODUCT_NAME = "$(TARGET_NAME)";
				TARGETED_DEVICE_FAMILY = "1,2";
				TEST_HOST = "$(BUILT_PRODUCTS_DIR)/CoreTextDemo.app/CoreTextDemo";
			};
			name = Debug;
		};
		AE97D06421C79C2B00B6EF04 /* Release */ = {
			isa = XCBuildConfiguration;
			buildSettings = {
				BUNDLE_LOADER = "$(TEST_HOST)";
				CODE_SIGN_STYLE = Automatic;
				INFOPLIST_FILE = CoreTextDemoTests/Info.plist;
				LD_RUNPATH_SEARCH_PATHS = "$(inherited) @executable_path/Frameworks @loader_path/Frameworks";
				PRODUCT_BUNDLE_IDENTIFIER = rain.CoreTextDemoTests;
				PRODUCT_NAME = "$(TARGET_NAME)";
				TARGETED_DEVICE_FAMILY = "1,2";
				TEST_HOST = "$(BUILT_PRODUCTS_DIR)/CoreTextDemo.app/CoreTextDemo";
			};
			name = Release;
		};
		AE97D06621C79C2B00B6EF04 /* Debug */ = {
			isa = XCBuildConfiguration;
			buildSettings = {
				CODE_SIGN_STYLE = Automatic;
				INFOPLIST_FILE = CoreTextDemoUITests/Info.plist;
				LD_RUNPATH_SEARCH_PATHS = "$(inherited) @executable_path/Frameworks @loader_path/Frameworks";
				PRODUCT_BUNDLE_IDENTIFIER = rain.CoreTextDemoUITests;
				PRODUCT_NAME = "$(TARGET_NAME)";
				TARGETED_DEVICE_FAMILY = "1,2";
				TEST_TARGET_NAME = CoreTextDemo;
			};
			name = Debug;
		};
		AE97D06721C79C2B00B6EF04 /* Release */ = {
			isa = XCBuildConfiguration;
			buildSettings = {
				CODE_SIGN_STYLE = Automatic;
				INFOPLIST_FILE = CoreTextDemoUITests/Info.plist;
				LD_RUNPATH_SEARCH_PATHS = "$(inherited) @executable_path/Frameworks @loader_path/Frameworks";
				PRODUCT_BUNDLE_IDENTIFIER = rain.CoreTextDemoUITests;
				PRODUCT_NAME = "$(TARGET_NAME)";
				TARGETED_DEVICE_FAMILY = "1,2";
				TEST_TARGET_NAME = CoreTextDemo;
			};
			name = Release;
		};
/* End XCBuildConfiguration section */

/* Begin XCConfigurationList section */
		AE97D02E21C79C2A00B6EF04 /* Build configuration list for PBXProject "CoreTextDemo" */ = {
			isa = XCConfigurationList;
			buildConfigurations = (
				AE97D05D21C79C2B00B6EF04 /* Debug */,
				AE97D05E21C79C2B00B6EF04 /* Release */,
			);
			defaultConfigurationIsVisible = 0;
			defaultConfigurationName = Release;
		};
		AE97D05F21C79C2B00B6EF04 /* Build configuration list for PBXNativeTarget "CoreTextDemo" */ = {
			isa = XCConfigurationList;
			buildConfigurations = (
				AE97D06021C79C2B00B6EF04 /* Debug */,
				AE97D06121C79C2B00B6EF04 /* Release */,
			);
			defaultConfigurationIsVisible = 0;
			defaultConfigurationName = Release;
		};
		AE97D06221C79C2B00B6EF04 /* Build configuration list for PBXNativeTarget "CoreTextDemoTests" */ = {
			isa = XCConfigurationList;
			buildConfigurations = (
				AE97D06321C79C2B00B6EF04 /* Debug */,
				AE97D06421C79C2B00B6EF04 /* Release */,
			);
			defaultConfigurationIsVisible = 0;
			defaultConfigurationName = Release;
		};
		AE97D06521C79C2B00B6EF04 /* Build configuration list for PBXNativeTarget "CoreTextDemoUITests" */ = {
			isa = XCConfigurationList;
			buildConfigurations = (
				AE97D06621C79C2B00B6EF04 /* Debug */,
				AE97D06721C79C2B00B6EF04 /* Release */,
			);
			defaultConfigurationIsVisible = 0;
			defaultConfigurationName = Release;
		};
/* End XCConfigurationList section */
	};
	rootObject = AE97D02B21C79C2A00B6EF04 /* Project object */;
}
